
Microsoft Visual Studio Solution File, Format Version 12.00
# Visual Studio Version 17
VisualStudioVersion = 17.2.32630.192
MinimumVisualStudioVersion = 10.0.40219.1
Project("{FAE04EC0-301F-11D3-BF4B-00C04F79EFBC}") = "9.14_hw", "9.14_hw.csproj", "{66D0745D-1400-495F-8D06-20DF6BD877EC}"
EndProject
Global
	GlobalSection(SolutionConfigurationPlatforms) = preSolution
		Debug|Any CPU = Debug|Any CPU
		Release|Any CPU = Release|Any CPU
	EndGlobalSection
	GlobalSection(ProjectConfigurationPlatforms) = postSolution
		{66D0745D-1400-495F-8D06-20DF6BD877EC}.Debug|Any CPU.ActiveCfg = Debug|Any CPU
		{66D0745D-1400-495F-8D06-20DF6BD877EC}.Debug|Any CPU.Build.0 = Debug|Any CPU
		{66D0745D-1400-495F-8D06-20DF6BD877EC}.Release|Any CPU.ActiveCfg = Release|Any CPU
		{66D0745D-1400-495F-8D06-20DF6BD877EC}.Release|Any CPU.Build.0 = Release|Any CPU
	EndGlobalSection
	GlobalSection(SolutionProperties) = preSolution
		HideSolutionNode = FALSE
	EndGlobalSection
	GlobalSection(ExtensibilityGlobals) = postSolution
		SolutionGuid = {7DE643D7-D270-46D4-98A0-A5490B31EAEE}
	EndGlobalSection
EndGlobal
